{
  "requires": true,
  "lockfileVersion": 1,
  "dependencies": {
    "flow": {
      "version": "0.2.3",
      "resolved": "https://registry.npmjs.org/flow/-/flow-0.2.3.tgz",
      "integrity": "sha1-+Npl76JJEn7Jk3aiiJZXKpeV0a8="
    },
    "flow-bin": {
      "version": "0.115.0",
      "resolved": "https://registry.npmjs.org/flow-bin/-/flow-bin-0.115.0.tgz",
      "integrity": "sha512-xW+U2SrBaAr0EeLvKmXAmsdnrH6x0Io17P6yRJTNgrrV42G8KXhBAD00s6oGbTTqRyHD0nP47kyuU34zljZpaQ=="
    }
  }
}
